PODS:
  - iMessageTools (1.0.2):
    - SwiftTools
  - SwiftTools (1.1.13)

DEPENDENCIES:
  - iMessageTools (from `https://github.com/jwitcig/iMessageTools`)
  - SwiftTools (from `https://github.com/jwitcig/SwiftTools`)

EXTERNAL SOURCES:
  iMessageTools:
    :git: https://github.com/jwitcig/iMessageTools
  SwiftTools:
    :git: https://github.com/jwitcig/SwiftTools

CHECKOUT OPTIONS:
  iMessageTools:
    :commit: d93f950f6061dbef56ee1189c4e4f6df7fb6e4bb
    :git: https://github.com/jwitcig/iMessageTools
  SwiftTools:
    :commit: bd51e95ec58c141634bb5427fc0b83155efc62e6
    :git: https://github.com/jwitcig/SwiftTools

SPEC CHECKSUMS:
  iMessageTools: f64f38e3554d94863715a376891ae772237e6692
  SwiftTools: f5c247ae11e9c92322bd062feddebe13adf77539

PODFILE CHECKSUM: dbdcbbd246667f6388956b6e7869eb1eb8448e05

COCOAPODS: 1.1.1
